
Microsoft Visual Studio Solution File, Format Version 12.00
# Visual Studio 14
VisualStudioVersion = 14.0.25008.0
MinimumVisualStudioVersion = 10.0.40219.1
Project("{2150E333-8FDC-42A3-9474-1A3956D46DE8}") = "src", "src", "{E4ABA3EA-F5C3-4002-B72A-3E6E5DC10F06}"
EndProject
Project("{FAE04EC0-301F-11D3-BF4B-00C04F79EFBC}") = "Referee.Web", "src\Referee.Web\Referee.Web.csproj", "{36B52997-366B-4AEF-A918-11030EB5153A}"
EndProject
Project("{FAE04EC0-301F-11D3-BF4B-00C04F79EFBC}") = "Referee.Entities", "src\Referee.Entities\Referee.Entities.csproj", "{D0BA46CD-668A-479F-BAEC-3C36E2D09565}"
EndProject
Project("{FAE04EC0-301F-11D3-BF4B-00C04F79EFBC}") = "StatisticsTest", "src\StatisticsTest\StatisticsTest.csproj", "{8101F607-F7C6-4D3A-A7D9-63BBDCB25A62}"
EndProject
Project("{FAE04EC0-301F-11D3-BF4B-00C04F79EFBC}") = "Statistics", "src\Statistics\Statistics.csproj", "{FF697CFB-196B-451D-AE99-392BDAFD0076}"
EndProject
Project("{FAE04EC0-301F-11D3-BF4B-00C04F79EFBC}") = "Referee.EntitiesTests", "src\Referee.EntitiesTests\Referee.EntitiesTests.csproj", "{475C5C42-32A3-49E4-BB6A-77B47E471EB9}"
EndProject
Project("{FAE04EC0-301F-11D3-BF4B-00C04F79EFBC}") = "Referee.Resources", "src\Referee.Resources\Referee.Resources.csproj", "{7FD83ED2-4409-4E21-A36F-24E3BF524BA7}"
EndProject
Project("{FAE04EC0-301F-11D3-BF4B-00C04F79EFBC}") = "EmbeddedApp", "src\EmbeddedApp\EmbeddedApp.csproj", "{280E9BD7-A25D-4BA0-921F-F3DDE33746F1}"
EndProject
Global
	GlobalSection(SolutionConfigurationPlatforms) = preSolution
		Debug|Any CPU = Debug|Any CPU
		Debug|ARM = Debug|ARM
		Debug|x64 = Debug|x64
		Debug|x86 = Debug|x86
		Release|Any CPU = Release|Any CPU
		Release|ARM = Release|ARM
		Release|x64 = Release|x64
		Release|x86 = Release|x86
	EndGlobalSection
	GlobalSection(ProjectConfigurationPlatforms) = postSolution
		{36B52997-366B-4AEF-A918-11030EB5153A}.Debug|Any CPU.ActiveCfg = Debug|Any CPU
		{36B52997-366B-4AEF-A918-11030EB5153A}.Debug|Any CPU.Build.0 = Debug|Any CPU
		{36B52997-366B-4AEF-A918-11030EB5153A}.Debug|ARM.ActiveCfg = Debug|Any CPU
		{36B52997-366B-4AEF-A918-11030EB5153A}.Debug|ARM.Build.0 = Debug|Any CPU
		{36B52997-366B-4AEF-A918-11030EB5153A}.Debug|x64.ActiveCfg = Debug|Any CPU
		{36B52997-366B-4AEF-A918-11030EB5153A}.Debug|x64.Build.0 = Debug|Any CPU
		{36B52997-366B-4AEF-A918-11030EB5153A}.Debug|x86.ActiveCfg = Debug|Any CPU
		{36B52997-366B-4AEF-A918-11030EB5153A}.Debug|x86.Build.0 = Debug|Any CPU
		{36B52997-366B-4AEF-A918-11030EB5153A}.Release|Any CPU.ActiveCfg = Release|Any CPU
		{36B52997-366B-4AEF-A918-11030EB5153A}.Release|Any CPU.Build.0 = Release|Any CPU
		{36B52997-366B-4AEF-A918-11030EB5153A}.Release|ARM.ActiveCfg = Release|Any CPU
		{36B52997-366B-4AEF-A918-11030EB5153A}.Release|ARM.Build.0 = Release|Any CPU
		{36B52997-366B-4AEF-A918-11030EB5153A}.Release|x64.ActiveCfg = Release|Any CPU
		{36B52997-366B-4AEF-A918-11030EB5153A}.Release|x64.Build.0 = Release|Any CPU
		{36B52997-366B-4AEF-A918-11030EB5153A}.Release|x86.ActiveCfg = Release|Any CPU
		{36B52997-366B-4AEF-A918-11030EB5153A}.Release|x86.Build.0 = Release|Any CPU
		{D0BA46CD-668A-479F-BAEC-3C36E2D09565}.Debug|Any CPU.ActiveCfg = Debug|Any CPU
		{D0BA46CD-668A-479F-BAEC-3C36E2D09565}.Debug|Any CPU.Build.0 = Debug|Any CPU
		{D0BA46CD-668A-479F-BAEC-3C36E2D09565}.Debug|ARM.ActiveCfg = Debug|Any CPU
		{D0BA46CD-668A-479F-BAEC-3C36E2D09565}.Debug|ARM.Build.0 = Debug|Any CPU
		{D0BA46CD-668A-479F-BAEC-3C36E2D09565}.Debug|x64.ActiveCfg = Debug|Any CPU
		{D0BA46CD-668A-479F-BAEC-3C36E2D09565}.Debug|x64.Build.0 = Debug|Any CPU
		{D0BA46CD-668A-479F-BAEC-3C36E2D09565}.Debug|x86.ActiveCfg = Debug|Any CPU
		{D0BA46CD-668A-479F-BAEC-3C36E2D09565}.Debug|x86.Build.0 = Debug|Any CPU
		{D0BA46CD-668A-479F-BAEC-3C36E2D09565}.Release|Any CPU.ActiveCfg = Release|Any CPU
		{D0BA46CD-668A-479F-BAEC-3C36E2D09565}.Release|Any CPU.Build.0 = Release|Any CPU
		{D0BA46CD-668A-479F-BAEC-3C36E2D09565}.Release|ARM.ActiveCfg = Release|Any CPU
		{D0BA46CD-668A-479F-BAEC-3C36E2D09565}.Release|ARM.Build.0 = Release|Any CPU
		{D0BA46CD-668A-479F-BAEC-3C36E2D09565}.Release|x64.ActiveCfg = Release|Any CPU
		{D0BA46CD-668A-479F-BAEC-3C36E2D09565}.Release|x64.Build.0 = Release|Any CPU
		{D0BA46CD-668A-479F-BAEC-3C36E2D09565}.Release|x86.ActiveCfg = Release|Any CPU
		{D0BA46CD-668A-479F-BAEC-3C36E2D09565}.Release|x86.Build.0 = Release|Any CPU
		{8101F607-F7C6-4D3A-A7D9-63BBDCB25A62}.Debug|Any CPU.ActiveCfg = Debug|Any CPU
		{8101F607-F7C6-4D3A-A7D9-63BBDCB25A62}.Debug|Any CPU.Build.0 = Debug|Any CPU
		{8101F607-F7C6-4D3A-A7D9-63BBDCB25A62}.Debug|ARM.ActiveCfg = Debug|Any CPU
		{8101F607-F7C6-4D3A-A7D9-63BBDCB25A62}.Debug|ARM.Build.0 = Debug|Any CPU
		{8101F607-F7C6-4D3A-A7D9-63BBDCB25A62}.Debug|x64.ActiveCfg = Debug|Any CPU
		{8101F607-F7C6-4D3A-A7D9-63BBDCB25A62}.Debug|x64.Build.0 = Debug|Any CPU
		{8101F607-F7C6-4D3A-A7D9-63BBDCB25A62}.Debug|x86.ActiveCfg = Debug|Any CPU
		{8101F607-F7C6-4D3A-A7D9-63BBDCB25A62}.Debug|x86.Build.0 = Debug|Any CPU
		{8101F607-F7C6-4D3A-A7D9-63BBDCB25A62}.Release|Any CPU.ActiveCfg = Release|Any CPU
		{8101F607-F7C6-4D3A-A7D9-63BBDCB25A62}.Release|Any CPU.Build.0 = Release|Any CPU
		{8101F607-F7C6-4D3A-A7D9-63BBDCB25A62}.Release|ARM.ActiveCfg = Release|Any CPU
		{8101F607-F7C6-4D3A-A7D9-63BBDCB25A62}.Release|ARM.Build.0 = Release|Any CPU
		{8101F607-F7C6-4D3A-A7D9-63BBDCB25A62}.Release|x64.ActiveCfg = Release|Any CPU
		{8101F607-F7C6-4D3A-A7D9-63BBDCB25A62}.Release|x64.Build.0 = Release|Any CPU
		{8101F607-F7C6-4D3A-A7D9-63BBDCB25A62}.Release|x86.ActiveCfg = Release|Any CPU
		{8101F607-F7C6-4D3A-A7D9-63BBDCB25A62}.Release|x86.Build.0 = Release|Any CPU
		{FF697CFB-196B-451D-AE99-392BDAFD0076}.Debug|Any CPU.ActiveCfg = Debug|Any CPU
		{FF697CFB-196B-451D-AE99-392BDAFD0076}.Debug|Any CPU.Build.0 = Debug|Any CPU
		{FF697CFB-196B-451D-AE99-392BDAFD0076}.Debug|ARM.ActiveCfg = Debug|Any CPU
		{FF697CFB-196B-451D-AE99-392BDAFD0076}.Debug|ARM.Build.0 = Debug|Any CPU
		{FF697CFB-196B-451D-AE99-392BDAFD0076}.Debug|x64.ActiveCfg = Debug|Any CPU
		{FF697CFB-196B-451D-AE99-392BDAFD0076}.Debug|x64.Build.0 = Debug|Any CPU
		{FF697CFB-196B-451D-AE99-392BDAFD0076}.Debug|x86.ActiveCfg = Debug|Any CPU
		{FF697CFB-196B-451D-AE99-392BDAFD0076}.Debug|x86.Build.0 = Debug|Any CPU
		{FF697CFB-196B-451D-AE99-392BDAFD0076}.Release|Any CPU.ActiveCfg = Release|Any CPU
		{FF697CFB-196B-451D-AE99-392BDAFD0076}.Release|Any CPU.Build.0 = Release|Any CPU
		{FF697CFB-196B-451D-AE99-392BDAFD0076}.Release|ARM.ActiveCfg = Release|Any CPU
		{FF697CFB-196B-451D-AE99-392BDAFD0076}.Release|ARM.Build.0 = Release|Any CPU
		{FF697CFB-196B-451D-AE99-392BDAFD0076}.Release|x64.ActiveCfg = Release|Any CPU
		{FF697CFB-196B-451D-AE99-392BDAFD0076}.Release|x64.Build.0 = Release|Any CPU
		{FF697CFB-196B-451D-AE99-392BDAFD0076}.Release|x86.ActiveCfg = Release|Any CPU
		{FF697CFB-196B-451D-AE99-392BDAFD0076}.Release|x86.Build.0 = Release|Any CPU
		{475C5C42-32A3-49E4-BB6A-77B47E471EB9}.Debug|Any CPU.ActiveCfg = Debug|Any CPU
		{475C5C42-32A3-49E4-BB6A-77B47E471EB9}.Debug|Any CPU.Build.0 = Debug|Any CPU
		{475C5C42-32A3-49E4-BB6A-77B47E471EB9}.Debug|ARM.ActiveCfg = Debug|Any CPU
		{475C5C42-32A3-49E4-BB6A-77B47E471EB9}.Debug|ARM.Build.0 = Debug|Any CPU
		{475C5C42-32A3-49E4-BB6A-77B47E471EB9}.Debug|x64.ActiveCfg = Debug|Any CPU
		{475C5C42-32A3-49E4-BB6A-77B47E471EB9}.Debug|x64.Build.0 = Debug|Any CPU
		{475C5C42-32A3-49E4-BB6A-77B47E471EB9}.Debug|x86.ActiveCfg = Debug|Any CPU
		{475C5C42-32A3-49E4-BB6A-77B47E471EB9}.Debug|x86.Build.0 = Debug|Any CPU
		{475C5C42-32A3-49E4-BB6A-77B47E471EB9}.Release|Any CPU.ActiveCfg = Release|Any CPU
		{475C5C42-32A3-49E4-BB6A-77B47E471EB9}.Release|Any CPU.Build.0 = Release|Any CPU
		{475C5C42-32A3-49E4-BB6A-77B47E471EB9}.Release|ARM.ActiveCfg = Release|Any CPU
		{475C5C42-32A3-49E4-BB6A-77B47E471EB9}.Release|ARM.Build.0 = Release|Any CPU
		{475C5C42-32A3-49E4-BB6A-77B47E471EB9}.Release|x64.ActiveCfg = Release|Any CPU
		{475C5C42-32A3-49E4-BB6A-77B47E471EB9}.Release|x64.Build.0 = Release|Any CPU
		{475C5C42-32A3-49E4-BB6A-77B47E471EB9}.Release|x86.ActiveCfg = Release|Any CPU
		{475C5C42-32A3-49E4-BB6A-77B47E471EB9}.Release|x86.Build.0 = Release|Any CPU
		{7FD83ED2-4409-4E21-A36F-24E3BF524BA7}.Debug|Any CPU.ActiveCfg = Debug|Any CPU
		{7FD83ED2-4409-4E21-A36F-24E3BF524BA7}.Debug|Any CPU.Build.0 = Debug|Any CPU
		{7FD83ED2-4409-4E21-A36F-24E3BF524BA7}.Debug|ARM.ActiveCfg = Debug|Any CPU
		{7FD83ED2-4409-4E21-A36F-24E3BF524BA7}.Debug|ARM.Build.0 = Debug|Any CPU
		{7FD83ED2-4409-4E21-A36F-24E3BF524BA7}.Debug|x64.ActiveCfg = Debug|Any CPU
		{7FD83ED2-4409-4E21-A36F-24E3BF524BA7}.Debug|x64.Build.0 = Debug|Any CPU
		{7FD83ED2-4409-4E21-A36F-24E3BF524BA7}.Debug|x86.ActiveCfg = Debug|Any CPU
		{7FD83ED2-4409-4E21-A36F-24E3BF524BA7}.Debug|x86.Build.0 = Debug|Any CPU
		{7FD83ED2-4409-4E21-A36F-24E3BF524BA7}.Release|Any CPU.ActiveCfg = Release|Any CPU
		{7FD83ED2-4409-4E21-A36F-24E3BF524BA7}.Release|Any CPU.Build.0 = Release|Any CPU
		{7FD83ED2-4409-4E21-A36F-24E3BF524BA7}.Release|ARM.ActiveCfg = Release|Any CPU
		{7FD83ED2-4409-4E21-A36F-24E3BF524BA7}.Release|ARM.Build.0 = Release|Any CPU
		{7FD83ED2-4409-4E21-A36F-24E3BF524BA7}.Release|x64.ActiveCfg = Release|Any CPU
		{7FD83ED2-4409-4E21-A36F-24E3BF524BA7}.Release|x64.Build.0 = Release|Any CPU
		{7FD83ED2-4409-4E21-A36F-24E3BF524BA7}.Release|x86.ActiveCfg = Release|Any CPU
		{7FD83ED2-4409-4E21-A36F-24E3BF524BA7}.Release|x86.Build.0 = Release|Any CPU
		{280E9BD7-A25D-4BA0-921F-F3DDE33746F1}.Debug|Any CPU.ActiveCfg = Debug|x86
		{280E9BD7-A25D-4BA0-921F-F3DDE33746F1}.Debug|ARM.ActiveCfg = Debug|ARM
		{280E9BD7-A25D-4BA0-921F-F3DDE33746F1}.Debug|ARM.Build.0 = Debug|ARM
		{280E9BD7-A25D-4BA0-921F-F3DDE33746F1}.Debug|ARM.Deploy.0 = Debug|ARM
		{280E9BD7-A25D-4BA0-921F-F3DDE33746F1}.Debug|x64.ActiveCfg = Debug|x64
		{280E9BD7-A25D-4BA0-921F-F3DDE33746F1}.Debug|x64.Build.0 = Debug|x64
		{280E9BD7-A25D-4BA0-921F-F3DDE33746F1}.Debug|x64.Deploy.0 = Debug|x64
		{280E9BD7-A25D-4BA0-921F-F3DDE33746F1}.Debug|x86.ActiveCfg = Debug|x86
		{280E9BD7-A25D-4BA0-921F-F3DDE33746F1}.Debug|x86.Build.0 = Debug|x86
		{280E9BD7-A25D-4BA0-921F-F3DDE33746F1}.Debug|x86.Deploy.0 = Debug|x86
		{280E9BD7-A25D-4BA0-921F-F3DDE33746F1}.Release|Any CPU.ActiveCfg = Release|x86
		{280E9BD7-A25D-4BA0-921F-F3DDE33746F1}.Release|ARM.ActiveCfg = Release|ARM
		{280E9BD7-A25D-4BA0-921F-F3DDE33746F1}.Release|ARM.Build.0 = Release|ARM
		{280E9BD7-A25D-4BA0-921F-F3DDE33746F1}.Release|ARM.Deploy.0 = Release|ARM
		{280E9BD7-A25D-4BA0-921F-F3DDE33746F1}.Release|x64.ActiveCfg = Release|x64
		{280E9BD7-A25D-4BA0-921F-F3DDE33746F1}.Release|x64.Build.0 = Release|x64
		{280E9BD7-A25D-4BA0-921F-F3DDE33746F1}.Release|x64.Deploy.0 = Release|x64
		{280E9BD7-A25D-4BA0-921F-F3DDE33746F1}.Release|x86.ActiveCfg = Release|x86
		{280E9BD7-A25D-4BA0-921F-F3DDE33746F1}.Release|x86.Build.0 = Release|x86
		{280E9BD7-A25D-4BA0-921F-F3DDE33746F1}.Release|x86.Deploy.0 = Release|x86
	EndGlobalSection
	GlobalSection(SolutionProperties) = preSolution
		HideSolutionNode = FALSE
	EndGlobalSection
	GlobalSection(NestedProjects) = preSolution
		{36B52997-366B-4AEF-A918-11030EB5153A} = {E4ABA3EA-F5C3-4002-B72A-3E6E5DC10F06}
		{D0BA46CD-668A-479F-BAEC-3C36E2D09565} = {E4ABA3EA-F5C3-4002-B72A-3E6E5DC10F06}
		{8101F607-F7C6-4D3A-A7D9-63BBDCB25A62} = {E4ABA3EA-F5C3-4002-B72A-3E6E5DC10F06}
		{FF697CFB-196B-451D-AE99-392BDAFD0076} = {E4ABA3EA-F5C3-4002-B72A-3E6E5DC10F06}
		{475C5C42-32A3-49E4-BB6A-77B47E471EB9} = {E4ABA3EA-F5C3-4002-B72A-3E6E5DC10F06}
		{7FD83ED2-4409-4E21-A36F-24E3BF524BA7} = {E4ABA3EA-F5C3-4002-B72A-3E6E5DC10F06}
		{280E9BD7-A25D-4BA0-921F-F3DDE33746F1} = {E4ABA3EA-F5C3-4002-B72A-3E6E5DC10F06}
	EndGlobalSection
EndGlobal
